
Microsoft Visual Studio Solution File, Format Version 12.00
# Visual Studio Version 17
VisualStudioVersion = 17.13.35919.96 d17.13
MinimumVisualStudioVersion = 10.0.40219.1
Project("{FAE04EC0-301F-11D3-BF4B-00C04F79EFBC}") = "RGB ColorMixer", "RGB ColorMixer.csproj", "{888C58A4-6E72-4872-8A2C-582DF4CA3797}"
EndProject
Global
	GlobalSection(SolutionConfigurationPlatforms) = preSolution
		Debug|Any CPU = Debug|Any CPU
		Release|Any CPU = Release|Any CPU
	EndGlobalSection
	GlobalSection(ProjectConfigurationPlatforms) = postSolution
		{888C58A4-6E72-4872-8A2C-582DF4CA3797}.Debug|Any CPU.ActiveCfg = Debug|Any CPU
		{888C58A4-6E72-4872-8A2C-582DF4CA3797}.Debug|Any CPU.Build.0 = Debug|Any CPU
		{888C58A4-6E72-4872-8A2C-582DF4CA3797}.Release|Any CPU.ActiveCfg = Release|Any CPU
		{888C58A4-6E72-4872-8A2C-582DF4CA3797}.Release|Any CPU.Build.0 = Release|Any CPU
	EndGlobalSection
	GlobalSection(SolutionProperties) = preSolution
		HideSolutionNode = FALSE
	EndGlobalSection
	GlobalSection(ExtensibilityGlobals) = postSolution
		SolutionGuid = {FCDAF8CC-981E-4D70-9830-CC5AB49C2399}
	EndGlobalSection
EndGlobal
